// !$*UTF8*$!
{
	archiveVersion = 1;
	classes = {
	};
	objectVersion = 46;
	objects = {

/* Begin PBXBuildFile section */
		3B0B44931BF7AE3A004B4F39 /* AddAlarmModuleDelegate.swift in Sources */ = {isa = PBXBuildFile; fileRef = 3B0B44921BF7AE3A004B4F39 /* AddAlarmModuleDelegate.swift */; };
		3B1D40511BF546E700BA6AEB /* APIServiceProtocol.swift in Sources */ = {isa = PBXBuildFile; fileRef = 3B1D404B1BF546E700BA6AEB /* APIServiceProtocol.swift */; };
		3B1D40531BF546E700BA6AEB /* APIDataManager.swift in Sources */ = {isa = PBXBuildFile; fileRef = 3B1D404D1BF546E700BA6AEB /* APIDataManager.swift */; };
		3B1D40541BF546E700BA6AEB /* AuthServiceProtocol.swift in Sources */ = {isa = PBXBuildFile; fileRef = 3B1D404F1BF546E700BA6AEB /* AuthServiceProtocol.swift */; };
		3B1D40551BF546E700BA6AEB /* AuthStore.swift in Sources */ = {isa = PBXBuildFile; fileRef = 3B1D40501BF546E700BA6AEB /* AuthStore.swift */; };
		3B1D40571BF547AE00BA6AEB /* AuthService.swift in Sources */ = {isa = PBXBuildFile; fileRef = 3B1D40561BF547AE00BA6AEB /* AuthService.swift */; };
		3B1D405B1BF549F000BA6AEB /* AuthStoreProtocol.swift in Sources */ = {isa = PBXBuildFile; fileRef = 3B1D405A1BF549F000BA6AEB /* AuthStoreProtocol.swift */; };
		3B1D405D1BF54B8100BA6AEB /* APIService.swift in Sources */ = {isa = PBXBuildFile; fileRef = 3B1D405C1BF54B8100BA6AEB /* APIService.swift */; };
		3B1D405F1BF54BC200BA6AEB /* APIDataManagerProtocol.swift in Sources */ = {isa = PBXBuildFile; fileRef = 3B1D405E1BF54BC200BA6AEB /* APIDataManagerProtocol.swift */; };
		3B1D40611BF54CFE00BA6AEB /* UserInfoModel.swift in Sources */ = {isa = PBXBuildFile; fileRef = 3B1D40601BF54CFE00BA6AEB /* UserInfoModel.swift */; };
		3B1D40631BF54D3F00BA6AEB /* TaskModel.swift in Sources */ = {isa = PBXBuildFile; fileRef = 3B1D40621BF54D3F00BA6AEB /* TaskModel.swift */; };
		3B1D40731BF54E0A00BA6AEB /* RootModuleInterface.swift in Sources */ = {isa = PBXBuildFile; fileRef = 3B1D406F1BF54E0A00BA6AEB /* RootModuleInterface.swift */; };
		3B1D40741BF54E0A00BA6AEB /* RootPresenter.swift in Sources */ = {isa = PBXBuildFile; fileRef = 3B1D40701BF54E0A00BA6AEB /* RootPresenter.swift */; };
		3B1D40751BF54E0A00BA6AEB /* RootWireframe.swift in Sources */ = {isa = PBXBuildFile; fileRef = 3B1D40711BF54E0A00BA6AEB /* RootWireframe.swift */; };
		3B1D40771BF5582E00BA6AEB /* AuthDataManager.Config.swift in Sources */ = {isa = PBXBuildFile; fileRef = 3B1D40761BF5582E00BA6AEB /* AuthDataManager.Config.swift */; };
		3B1D407B1BF5652D00BA6AEB /* AuthDataManager.swift in Sources */ = {isa = PBXBuildFile; fileRef = 3B1D407A1BF5652D00BA6AEB /* AuthDataManager.swift */; };
		3B1D407D1BF5655100BA6AEB /* AuthDataManagerProtocol.swift in Sources */ = {isa = PBXBuildFile; fileRef = 3B1D407C1BF5655100BA6AEB /* AuthDataManagerProtocol.swift */; };
		3B3B3B4F1BF69129002E1439 /* TaskListDataManager.swift in Sources */ = {isa = PBXBuildFile; fileRef = 3B3B3B421BF69129002E1439 /* TaskListDataManager.swift */; };
		3B3B3B501BF69129002E1439 /* TaskListInteractor.swift in Sources */ = {isa = PBXBuildFile; fileRef = 3B3B3B441BF69129002E1439 /* TaskListInteractor.swift */; };
		3B3B3B511BF69129002E1439 /* TaskListInteractorProtocol.swift in Sources */ = {isa = PBXBuildFile; fileRef = 3B3B3B451BF69129002E1439 /* TaskListInteractorProtocol.swift */; };
		3B3B3B521BF69129002E1439 /* TaskListModuleInterface.swift in Sources */ = {isa = PBXBuildFile; fileRef = 3B3B3B471BF69129002E1439 /* TaskListModuleInterface.swift */; };
		3B3B3B531BF69129002E1439 /* TaskListPresenter.swift in Sources */ = {isa = PBXBuildFile; fileRef = 3B3B3B491BF69129002E1439 /* TaskListPresenter.swift */; };
		3B3B3B541BF69129002E1439 /* TaskListViewController.swift in Sources */ = {isa = PBXBuildFile; fileRef = 3B3B3B4B1BF69129002E1439 /* TaskListViewController.swift */; };
		3B3B3B551BF69129002E1439 /* TaskListViewInterface.swift in Sources */ = {isa = PBXBuildFile; fileRef = 3B3B3B4C1BF69129002E1439 /* TaskListViewInterface.swift */; };
		3B3B3B561BF69129002E1439 /* TaskListWireframe.swift in Sources */ = {isa = PBXBuildFile; fileRef = 3B3B3B4E1BF69129002E1439 /* TaskListWireframe.swift */; };
		3B3B3B581BF69DF2002E1439 /* LoginModuleDelegate.swift in Sources */ = {isa = PBXBuildFile; fileRef = 3B3B3B571BF69DF2002E1439 /* LoginModuleDelegate.swift */; };
		3B3FEE6F1BF7A41900840CE3 /* AddAlarmInteractor.swift in Sources */ = {isa = PBXBuildFile; fileRef = 3B3FEE631BF7A41900840CE3 /* AddAlarmInteractor.swift */; };
		3B3FEE701BF7A41900840CE3 /* AddAlarmInteractorProtocol.swift in Sources */ = {isa = PBXBuildFile; fileRef = 3B3FEE641BF7A41900840CE3 /* AddAlarmInteractorProtocol.swift */; };
		3B3FEE711BF7A41900840CE3 /* AddAlarmModuleInterface.swift in Sources */ = {isa = PBXBuildFile; fileRef = 3B3FEE661BF7A41900840CE3 /* AddAlarmModuleInterface.swift */; };
		3B3FEE721BF7A41900840CE3 /* AddAlarmPresenter.swift in Sources */ = {isa = PBXBuildFile; fileRef = 3B3FEE681BF7A41900840CE3 /* AddAlarmPresenter.swift */; };
		3B3FEE731BF7A41900840CE3 /* AddAlarmViewController.swift in Sources */ = {isa = PBXBuildFile; fileRef = 3B3FEE6A1BF7A41900840CE3 /* AddAlarmViewController.swift */; };
		3B3FEE741BF7A41900840CE3 /* AddAlarmViewInterface.swift in Sources */ = {isa = PBXBuildFile; fileRef = 3B3FEE6B1BF7A41900840CE3 /* AddAlarmViewInterface.swift */; };
		3B3FEE751BF7A41900840CE3 /* AddAlarmWireframe.swift in Sources */ = {isa = PBXBuildFile; fileRef = 3B3FEE6D1BF7A41900840CE3 /* AddAlarmWireframe.swift */; };
		3B8867041BF80CDA003CF1F9 /* APITaskDescriptionWrapper.swift in Sources */ = {isa = PBXBuildFile; fileRef = 3B8867031BF80CDA003CF1F9 /* APITaskDescriptionWrapper.swift */; };
		3B8867081BF82AD9003CF1F9 /* LocationService.swift in Sources */ = {isa = PBXBuildFile; fileRef = 3B8867071BF82AD9003CF1F9 /* LocationService.swift */; };
		3B88670D1BF82B0D003CF1F9 /* NotificationService.swift in Sources */ = {isa = PBXBuildFile; fileRef = 3B88670C1BF82B0D003CF1F9 /* NotificationService.swift */; };
		3B96C9BC1BF15C5E00899BF5 /* Alamofire.framework in Frameworks */ = {isa = PBXBuildFile; fileRef = 3B96C9B91BF15C5E00899BF5 /* Alamofire.framework */; };
		3B96C9BE1BF15C5E00899BF5 /* SwiftyJSON.framework in Frameworks */ = {isa = PBXBuildFile; fileRef = 3B96C9BB1BF15C5E00899BF5 /* SwiftyJSON.framework */; };
		3BBFDC841BF8CF9600078F29 /* KeychainAccess.framework in Frameworks */ = {isa = PBXBuildFile; fileRef = 3BBFDC831BF8CF9600078F29 /* KeychainAccess.framework */; };
		3BC629041BF29B13000320D0 /* LoginInteractorIO.swift in Sources */ = {isa = PBXBuildFile; fileRef = 3BC629031BF29B13000320D0 /* LoginInteractorIO.swift */; };
		3BCB5A6B1BF1554C00B04516 /* Assets.xcassets in Resources */ = {isa = PBXBuildFile; fileRef = 3BCB5A6A1BF1554C00B04516 /* Assets.xcassets */; };
		3BCB5A6E1BF1554C00B04516 /* LaunchScreen.storyboard in Resources */ = {isa = PBXBuildFile; fileRef = 3BCB5A6C1BF1554C00B04516 /* LaunchScreen.storyboard */; };
		3BCB5A791BF1554D00B04516 /* AmbrosioTests.swift in Sources */ = {isa = PBXBuildFile; fileRef = 3BCB5A781BF1554D00B04516 /* AmbrosioTests.swift */; };
		3BCB5AA31BF1556F00B04516 /* AmbrosioAppDelegate.swift in Sources */ = {isa = PBXBuildFile; fileRef = 3BCB5A841BF1556F00B04516 /* AmbrosioAppDelegate.swift */; };
		3BCB5AA41BF1556F00B04516 /* AmbrosioAppDependencies.swift in Sources */ = {isa = PBXBuildFile; fileRef = 3BCB5A851BF1556F00B04516 /* AmbrosioAppDependencies.swift */; };
		3BCB5AAC1BF1556F00B04516 /* LoginInteractor.swift in Sources */ = {isa = PBXBuildFile; fileRef = 3BCB5A991BF1556F00B04516 /* LoginInteractor.swift */; };
		3BCB5AAD1BF1556F00B04516 /* LoginModuleInterface.swift in Sources */ = {isa = PBXBuildFile; fileRef = 3BCB5A9B1BF1556F00B04516 /* LoginModuleInterface.swift */; };
		3BCB5AAE1BF1556F00B04516 /* LoginPresenter.swift in Sources */ = {isa = PBXBuildFile; fileRef = 3BCB5A9D1BF1556F00B04516 /* LoginPresenter.swift */; };
		3BCB5AAF1BF1556F00B04516 /* LoginViewController.swift in Sources */ = {isa = PBXBuildFile; fileRef = 3BCB5A9F1BF1556F00B04516 /* LoginViewController.swift */; };
		3BCB5AB01BF1556F00B04516 /* LoginViewInterface.swift in Sources */ = {isa = PBXBuildFile; fileRef = 3BCB5AA01BF1556F00B04516 /* LoginViewInterface.swift */; };
		3BCB5AB11BF1556F00B04516 /* LoginWireframe.swift in Sources */ = {isa = PBXBuildFile; fileRef = 3BCB5AA21BF1556F00B04516 /* LoginWireframe.swift */; };
		3BCB5AB41BF1560A00B04516 /* Main.storyboard in Resources */ = {isa = PBXBuildFile; fileRef = 3BCB5AB21BF1560A00B04516 /* Main.storyboard */; };
/* End PBXBuildFile section */

/* Begin PBXContainerItemProxy section */
		3BCB5A751BF1554D00B04516 /* PBXContainerItemProxy */ = {
			isa = PBXContainerItemProxy;
			containerPortal = 3BCB5A581BF1554C00B04516 /* Project object */;
			proxyType = 1;
			remoteGlobalIDString = 3BCB5A5F1BF1554C00B04516;
			remoteInfo = Ambrosio;
		};
/* End PBXContainerItemProxy section */

/* Begin PBXFileReference section */
		3B0B44921BF7AE3A004B4F39 /* AddAlarmModuleDelegate.swift */ = {isa = PBXFileReference; fileEncoding = 4; lastKnownFileType = sourcecode.swift; path = AddAlarmModuleDelegate.swift; sourceTree = "<group>"; };
		3B1D404B1BF546E700BA6AEB /* APIServiceProtocol.swift */ = {isa = PBXFileReference; fileEncoding = 4; lastKnownFileType = sourcecode.swift; path = APIServiceProtocol.swift; sourceTree = "<group>"; };
		3B1D404D1BF546E700BA6AEB /* APIDataManager.swift */ = {isa = PBXFileReference; fileEncoding = 4; lastKnownFileType = sourcecode.swift; path = APIDataManager.swift; sourceTree = "<group>"; };
		3B1D404F1BF546E700BA6AEB /* AuthServiceProtocol.swift */ = {isa = PBXFileReference; fileEncoding = 4; lastKnownFileType = sourcecode.swift; path = AuthServiceProtocol.swift; sourceTree = "<group>"; };
		3B1D40501BF546E700BA6AEB /* AuthStore.swift */ = {isa = PBXFileReference; fileEncoding = 4; lastKnownFileType = sourcecode.swift; path = AuthStore.swift; sourceTree = "<group>"; };
		3B1D40561BF547AE00BA6AEB /* AuthService.swift */ = {isa = PBXFileReference; fileEncoding = 4; lastKnownFileType = sourcecode.swift; path = AuthService.swift; sourceTree = "<group>"; };
		3B1D405A1BF549F000BA6AEB /* AuthStoreProtocol.swift */ = {isa = PBXFileReference; fileEncoding = 4; lastKnownFileType = sourcecode.swift; path = AuthStoreProtocol.swift; sourceTree = "<group>"; };
		3B1D405C1BF54B8100BA6AEB /* APIService.swift */ = {isa = PBXFileReference; fileEncoding = 4; lastKnownFileType = sourcecode.swift; path = APIService.swift; sourceTree = "<group>"; };
		3B1D405E1BF54BC200BA6AEB /* APIDataManagerProtocol.swift */ = {isa = PBXFileReference; fileEncoding = 4; lastKnownFileType = sourcecode.swift; path = APIDataManagerProtocol.swift; sourceTree = "<group>"; };
		3B1D40601BF54CFE00BA6AEB /* UserInfoModel.swift */ = {isa = PBXFileReference; fileEncoding = 4; lastKnownFileType = sourcecode.swift; path = UserInfoModel.swift; sourceTree = "<group>"; };
		3B1D40621BF54D3F00BA6AEB /* TaskModel.swift */ = {isa = PBXFileReference; fileEncoding = 4; lastKnownFileType = sourcecode.swift; path = TaskModel.swift; sourceTree = "<group>"; };
		3B1D406F1BF54E0A00BA6AEB /* RootModuleInterface.swift */ = {isa = PBXFileReference; fileEncoding = 4; lastKnownFileType = sourcecode.swift; path = RootModuleInterface.swift; sourceTree = "<group>"; };
		3B1D40701BF54E0A00BA6AEB /* RootPresenter.swift */ = {isa = PBXFileReference; fileEncoding = 4; lastKnownFileType = sourcecode.swift; path = RootPresenter.swift; sourceTree = "<group>"; };
		3B1D40711BF54E0A00BA6AEB /* RootWireframe.swift */ = {isa = PBXFileReference; fileEncoding = 4; lastKnownFileType = sourcecode.swift; path = RootWireframe.swift; sourceTree = "<group>"; };
		3B1D40761BF5582E00BA6AEB /* AuthDataManager.Config.swift */ = {isa = PBXFileReference; fileEncoding = 4; lastKnownFileType = sourcecode.swift; path = AuthDataManager.Config.swift; sourceTree = "<group>"; };
		3B1D407A1BF5652D00BA6AEB /* AuthDataManager.swift */ = {isa = PBXFileReference; fileEncoding = 4; lastKnownFileType = sourcecode.swift; path = AuthDataManager.swift; sourceTree = "<group>"; };
		3B1D407C1BF5655100BA6AEB /* AuthDataManagerProtocol.swift */ = {isa = PBXFileReference; fileEncoding = 4; lastKnownFileType = sourcecode.swift; path = AuthDataManagerProtocol.swift; sourceTree = "<group>"; };
		3B3B3B421BF69129002E1439 /* TaskListDataManager.swift */ = {isa = PBXFileReference; fileEncoding = 4; lastKnownFileType = sourcecode.swift; path = TaskListDataManager.swift; sourceTree = "<group>"; };
		3B3B3B441BF69129002E1439 /* TaskListInteractor.swift */ = {isa = PBXFileReference; fileEncoding = 4; lastKnownFileType = sourcecode.swift; path = TaskListInteractor.swift; sourceTree = "<group>"; };
		3B3B3B451BF69129002E1439 /* TaskListInteractorProtocol.swift */ = {isa = PBXFileReference; fileEncoding = 4; lastKnownFileType = sourcecode.swift; path = TaskListInteractorProtocol.swift; sourceTree = "<group>"; };
		3B3B3B471BF69129002E1439 /* TaskListModuleInterface.swift */ = {isa = PBXFileReference; fileEncoding = 4; lastKnownFileType = sourcecode.swift; path = TaskListModuleInterface.swift; sourceTree = "<group>"; };
		3B3B3B491BF69129002E1439 /* TaskListPresenter.swift */ = {isa = PBXFileReference; fileEncoding = 4; lastKnownFileType = sourcecode.swift; path = TaskListPresenter.swift; sourceTree = "<group>"; };
		3B3B3B4B1BF69129002E1439 /* TaskListViewController.swift */ = {isa = PBXFileReference; fileEncoding = 4; lastKnownFileType = sourcecode.swift; path = TaskListViewController.swift; sourceTree = "<group>"; };
		3B3B3B4C1BF69129002E1439 /* TaskListViewInterface.swift */ = {isa = PBXFileReference; fileEncoding = 4; lastKnownFileType = sourcecode.swift; path = TaskListViewInterface.swift; sourceTree = "<group>"; };
		3B3B3B4E1BF69129002E1439 /* TaskListWireframe.swift */ = {isa = PBXFileReference; fileEncoding = 4; lastKnownFileType = sourcecode.swift; path = TaskListWireframe.swift; sourceTree = "<group>"; };
		3B3B3B571BF69DF2002E1439 /* LoginModuleDelegate.swift */ = {isa = PBXFileReference; fileEncoding = 4; lastKnownFileType = sourcecode.swift; path = LoginModuleDelegate.swift; sourceTree = "<group>"; };
		3B3FEE631BF7A41900840CE3 /* AddAlarmInteractor.swift */ = {isa = PBXFileReference; fileEncoding = 4; lastKnownFileType = sourcecode.swift; path = AddAlarmInteractor.swift; sourceTree = "<group>"; };
		3B3FEE641BF7A41900840CE3 /* AddAlarmInteractorProtocol.swift */ = {isa = PBXFileReference; fileEncoding = 4; lastKnownFileType = sourcecode.swift; path = AddAlarmInteractorProtocol.swift; sourceTree = "<group>"; };
		3B3FEE661BF7A41900840CE3 /* AddAlarmModuleInterface.swift */ = {isa = PBXFileReference; fileEncoding = 4; lastKnownFileType = sourcecode.swift; path = AddAlarmModuleInterface.swift; sourceTree = "<group>"; };
		3B3FEE681BF7A41900840CE3 /* AddAlarmPresenter.swift */ = {isa = PBXFileReference; fileEncoding = 4; lastKnownFileType = sourcecode.swift; path = AddAlarmPresenter.swift; sourceTree = "<group>"; };
		3B3FEE6A1BF7A41900840CE3 /* AddAlarmViewController.swift */ = {isa = PBXFileReference; fileEncoding = 4; lastKnownFileType = sourcecode.swift; path = AddAlarmViewController.swift; sourceTree = "<group>"; };
		3B3FEE6B1BF7A41900840CE3 /* AddAlarmViewInterface.swift */ = {isa = PBXFileReference; fileEncoding = 4; lastKnownFileType = sourcecode.swift; path = AddAlarmViewInterface.swift; sourceTree = "<group>"; };
		3B3FEE6D1BF7A41900840CE3 /* AddAlarmWireframe.swift */ = {isa = PBXFileReference; fileEncoding = 4; lastKnownFileType = sourcecode.swift; path = AddAlarmWireframe.swift; sourceTree = "<group>"; };
		3B8867031BF80CDA003CF1F9 /* APITaskDescriptionWrapper.swift */ = {isa = PBXFileReference; fileEncoding = 4; lastKnownFileType = sourcecode.swift; path = APITaskDescriptionWrapper.swift; sourceTree = "<group>"; };
		3B8867071BF82AD9003CF1F9 /* LocationService.swift */ = {isa = PBXFileReference; fileEncoding = 4; lastKnownFileType = sourcecode.swift; path = LocationService.swift; sourceTree = "<group>"; };
		3B88670C1BF82B0D003CF1F9 /* NotificationService.swift */ = {isa = PBXFileReference; fileEncoding = 4; lastKnownFileType = sourcecode.swift; path = NotificationService.swift; sourceTree = "<group>"; };
		3B96C9B91BF15C5E00899BF5 /* Alamofire.framework */ = {isa = PBXFileReference; lastKnownFileType = wrapper.framework; name = Alamofire.framework; path = Carthage/Build/iOS/Alamofire.framework; sourceTree = "<group>"; };
		3B96C9BB1BF15C5E00899BF5 /* SwiftyJSON.framework */ = {isa = PBXFileReference; lastKnownFileType = wrapper.framework; name = SwiftyJSON.framework; path = Carthage/Build/iOS/SwiftyJSON.framework; sourceTree = "<group>"; };
		3BA7C18C1BF1712000ACC744 /* .gitignore */ = {isa = PBXFileReference; lastKnownFileType = text; path = .gitignore; sourceTree = SOURCE_ROOT; };
		3BBB71751BF40E72007E3948 /* README.md */ = {isa = PBXFileReference; lastKnownFileType = net.daringfireball.markdown; path = README.md; sourceTree = SOURCE_ROOT; };
		3BBFDC831BF8CF9600078F29 /* KeychainAccess.framework */ = {isa = PBXFileReference; lastKnownFileType = wrapper.framework; name = KeychainAccess.framework; path = Carthage/Build/iOS/KeychainAccess.framework; sourceTree = "<group>"; };
		3BC629031BF29B13000320D0 /* LoginInteractorIO.swift */ = {isa = PBXFileReference; fileEncoding = 4; lastKnownFileType = sourcecode.swift; path = LoginInteractorIO.swift; sourceTree = "<group>"; };
		3BCB5A601BF1554C00B04516 /* Ambrosio.app */ = {isa = PBXFileReference; explicitFileType = wrapper.application; includeInIndex = 0; path = Ambrosio.app; sourceTree = BUILT_PRODUCTS_DIR; };
		3BCB5A6A1BF1554C00B04516 /* Assets.xcassets */ = {isa = PBXFileReference; lastKnownFileType = folder.assetcatalog; path = Assets.xcassets; sourceTree = "<group>"; };
		3BCB5A6D1BF1554C00B04516 /* Base */ = {isa = PBXFileReference; lastKnownFileType = file.storyboard; name = Base; path = Base.lproj/LaunchScreen.storyboard; sourceTree = "<group>"; };
		3BCB5A6F1BF1554C00B04516 /* Info.plist */ = {isa = PBXFileReference; lastKnownFileType = text.plist.xml; path = Info.plist; sourceTree = "<group>"; };
		3BCB5A741BF1554D00B04516 /* AmbrosioTests.xctest */ = {isa = PBXFileReference; explicitFileType = wrapper.cfbundle; includeInIndex = 0; path = AmbrosioTests.xctest; sourceTree = BUILT_PRODUCTS_DIR; };
		3BCB5A781BF1554D00B04516 /* AmbrosioTests.swift */ = {isa = PBXFileReference; lastKnownFileType = sourcecode.swift; path = AmbrosioTests.swift; sourceTree = "<group>"; };
		3BCB5A7A1BF1554D00B04516 /* Info.plist */ = {isa = PBXFileReference; lastKnownFileType = text.plist.xml; path = Info.plist; sourceTree = "<group>"; };
		3BCB5A841BF1556F00B04516 /* AmbrosioAppDelegate.swift */ = {isa = PBXFileReference; fileEncoding = 4; lastKnownFileType = sourcecode.swift; path = AmbrosioAppDelegate.swift; sourceTree = "<group>"; };
		3BCB5A851BF1556F00B04516 /* AmbrosioAppDependencies.swift */ = {isa = PBXFileReference; fileEncoding = 4; lastKnownFileType = sourcecode.swift; path = AmbrosioAppDependencies.swift; sourceTree = "<group>"; };
		3BCB5A991BF1556F00B04516 /* LoginInteractor.swift */ = {isa = PBXFileReference; fileEncoding = 4; lastKnownFileType = sourcecode.swift; path = LoginInteractor.swift; sourceTree = "<group>"; };
		3BCB5A9B1BF1556F00B04516 /* LoginModuleInterface.swift */ = {isa = PBXFileReference; fileEncoding = 4; lastKnownFileType = sourcecode.swift; path = LoginModuleInterface.swift; sourceTree = "<group>"; };
		3BCB5A9D1BF1556F00B04516 /* LoginPresenter.swift */ = {isa = PBXFileReference; fileEncoding = 4; lastKnownFileType = sourcecode.swift; path = LoginPresenter.swift; sourceTree = "<group>"; };
		3BCB5A9F1BF1556F00B04516 /* LoginViewController.swift */ = {isa = PBXFileReference; fileEncoding = 4; lastKnownFileType = sourcecode.swift; path = LoginViewController.swift; sourceTree = "<group>"; };
		3BCB5AA01BF1556F00B04516 /* LoginViewInterface.swift */ = {isa = PBXFileReference; fileEncoding = 4; lastKnownFileType = sourcecode.swift; path = LoginViewInterface.swift; sourceTree = "<group>"; };
		3BCB5AA21BF1556F00B04516 /* LoginWireframe.swift */ = {isa = PBXFileReference; fileEncoding = 4; lastKnownFileType = sourcecode.swift; path = LoginWireframe.swift; sourceTree = "<group>"; };
		3BCB5AB31BF1560A00B04516 /* Base */ = {isa = PBXFileReference; lastKnownFileType = file.storyboard; name = Base; path = Base.lproj/Main.storyboard; sourceTree = "<group>"; };
		3BCB5AB51BF156AC00B04516 /* Cartfile */ = {isa = PBXFileReference; fileEncoding = 4; lastKnownFileType = text; path = Cartfile; sourceTree = SOURCE_ROOT; };
/* End PBXFileReference section */

/* Begin PBXFrameworksBuildPhase section */
		3BCB5A5D1BF1554C00B04516 /* Frameworks */ = {
			isa = PBXFrameworksBuildPhase;
			buildActionMask = 2147483647;
			files = (
				3BBFDC841BF8CF9600078F29 /* KeychainAccess.framework in Frameworks */,
				3B96C9BC1BF15C5E00899BF5 /* Alamofire.framework in Frameworks */,
				3B96C9BE1BF15C5E00899BF5 /* SwiftyJSON.framework in Frameworks */,
			);
			runOnlyForDeploymentPostprocessing = 0;
		};
		3BCB5A711BF1554D00B04516 /* Frameworks */ = {
			isa = PBXFrameworksBuildPhase;
			buildActionMask = 2147483647;
			files = (
			);
			runOnlyForDeploymentPostprocessing = 0;
		};
/* End PBXFrameworksBuildPhase section */

/* Begin PBXGroup section */
		3B1D40491BF546E700BA6AEB /* Services */ = {
			isa = PBXGroup;
			children = (
				3B1D404A1BF546E700BA6AEB /* API */,
				3B1D404E1BF546E700BA6AEB /* Auth */,
				3B8867051BF82AC9003CF1F9 /* Location */,
				3B88670B1BF82B0D003CF1F9 /* Notification */,
			);
			path = Services;
			sourceTree = "<group>";
		};
		3B1D404A1BF546E700BA6AEB /* API */ = {
			isa = PBXGroup;
			children = (
				3B1D404B1BF546E700BA6AEB /* APIServiceProtocol.swift */,
				3B1D405C1BF54B8100BA6AEB /* APIService.swift */,
				3B1D405E1BF54BC200BA6AEB /* APIDataManagerProtocol.swift */,
				3B1D404D1BF546E700BA6AEB /* APIDataManager.swift */,
				3B8867031BF80CDA003CF1F9 /* APITaskDescriptionWrapper.swift */,
			);
			path = API;
			sourceTree = "<group>";
		};
		3B1D404E1BF546E700BA6AEB /* Auth */ = {
			isa = PBXGroup;
			children = (
				3B1D404F1BF546E700BA6AEB /* AuthServiceProtocol.swift */,
				3B1D40561BF547AE00BA6AEB /* AuthService.swift */,
				3B1D407C1BF5655100BA6AEB /* AuthDataManagerProtocol.swift */,
				3B1D407A1BF5652D00BA6AEB /* AuthDataManager.swift */,
				3B1D405A1BF549F000BA6AEB /* AuthStoreProtocol.swift */,
				3B1D40501BF546E700BA6AEB /* AuthStore.swift */,
				3B1D40761BF5582E00BA6AEB /* AuthDataManager.Config.swift */,
			);
			path = Auth;
			sourceTree = "<group>";
		};
		3B1D406D1BF54E0A00BA6AEB /* Root */ = {
			isa = PBXGroup;
			children = (
				3B1D406F1BF54E0A00BA6AEB /* RootModuleInterface.swift */,
				3B1D40701BF54E0A00BA6AEB /* RootPresenter.swift */,
				3B1D40711BF54E0A00BA6AEB /* RootWireframe.swift */,
			);
			path = Root;
			sourceTree = "<group>";
		};
		3B3B3B401BF69129002E1439 /* TaskList */ = {
			isa = PBXGroup;
			children = (
				3B3B3B411BF69129002E1439 /* DataManager */,
				3B3B3B431BF69129002E1439 /* Interactor */,
				3B3B3B461BF69129002E1439 /* ModuleInterface */,
				3B3B3B481BF69129002E1439 /* Presenter */,
				3B3B3B4A1BF69129002E1439 /* View */,
				3B3B3B4D1BF69129002E1439 /* Wireframe */,
			);
			path = TaskList;
			sourceTree = "<group>";
		};
		3B3B3B411BF69129002E1439 /* DataManager */ = {
			isa = PBXGroup;
			children = (
				3B3B3B421BF69129002E1439 /* TaskListDataManager.swift */,
			);
			path = DataManager;
			sourceTree = "<group>";
		};
		3B3B3B431BF69129002E1439 /* Interactor */ = {
			isa = PBXGroup;
			children = (
				3B3B3B441BF69129002E1439 /* TaskListInteractor.swift */,
				3B3B3B451BF69129002E1439 /* TaskListInteractorProtocol.swift */,
			);
			path = Interactor;
			sourceTree = "<group>";
		};
		3B3B3B461BF69129002E1439 /* ModuleInterface */ = {
			isa = PBXGroup;
			children = (
				3B3B3B471BF69129002E1439 /* TaskListModuleInterface.swift */,
			);
			path = ModuleInterface;
			sourceTree = "<group>";
		};
		3B3B3B481BF69129002E1439 /* Presenter */ = {
			isa = PBXGroup;
			children = (
				3B3B3B491BF69129002E1439 /* TaskListPresenter.swift */,
			);
			path = Presenter;
			sourceTree = "<group>";
		};
		3B3B3B4A1BF69129002E1439 /* View */ = {
			isa = PBXGroup;
			children = (
				3B3B3B4B1BF69129002E1439 /* TaskListViewController.swift */,
				3B3B3B4C1BF69129002E1439 /* TaskListViewInterface.swift */,
			);
			path = View;
			sourceTree = "<group>";
		};
		3B3B3B4D1BF69129002E1439 /* Wireframe */ = {
			isa = PBXGroup;
			children = (
				3B3B3B4E1BF69129002E1439 /* TaskListWireframe.swift */,
			);
			path = Wireframe;
			sourceTree = "<group>";
		};
		3B3FEE5F1BF7A41900840CE3 /* AddAlarm */ = {
			isa = PBXGroup;
			children = (
				3B3FEE621BF7A41900840CE3 /* Interactor */,
				3B3FEE651BF7A41900840CE3 /* ModuleInterface */,
				3B3FEE671BF7A41900840CE3 /* Presenter */,
				3B3FEE691BF7A41900840CE3 /* View */,
				3B3FEE6C1BF7A41900840CE3 /* Wireframe */,
			);
			path = AddAlarm;
			sourceTree = "<group>";
		};
		3B3FEE621BF7A41900840CE3 /* Interactor */ = {
			isa = PBXGroup;
			children = (
				3B3FEE631BF7A41900840CE3 /* AddAlarmInteractor.swift */,
				3B3FEE641BF7A41900840CE3 /* AddAlarmInteractorProtocol.swift */,
			);
			path = Interactor;
			sourceTree = "<group>";
		};
		3B3FEE651BF7A41900840CE3 /* ModuleInterface */ = {
			isa = PBXGroup;
			children = (
				3B3FEE661BF7A41900840CE3 /* AddAlarmModuleInterface.swift */,
				3B0B44921BF7AE3A004B4F39 /* AddAlarmModuleDelegate.swift */,
			);
			path = ModuleInterface;
			sourceTree = "<group>";
		};
		3B3FEE671BF7A41900840CE3 /* Presenter */ = {
			isa = PBXGroup;
			children = (
				3B3FEE681BF7A41900840CE3 /* AddAlarmPresenter.swift */,
			);
			path = Presenter;
			sourceTree = "<group>";
		};
		3B3FEE691BF7A41900840CE3 /* View */ = {
			isa = PBXGroup;
			children = (
				3B3FEE6A1BF7A41900840CE3 /* AddAlarmViewController.swift */,
				3B3FEE6B1BF7A41900840CE3 /* AddAlarmViewInterface.swift */,
			);
			path = View;
			sourceTree = "<group>";
		};
		3B3FEE6C1BF7A41900840CE3 /* Wireframe */ = {
			isa = PBXGroup;
			children = (
				3B3FEE6D1BF7A41900840CE3 /* AddAlarmWireframe.swift */,
			);
			path = Wireframe;
			sourceTree = "<group>";
		};
		3B8867051BF82AC9003CF1F9 /* Location */ = {
			isa = PBXGroup;
			children = (
				3B8867071BF82AD9003CF1F9 /* LocationService.swift */,
			);
			path = Location;
			sourceTree = "<group>";
		};
		3B88670B1BF82B0D003CF1F9 /* Notification */ = {
			isa = PBXGroup;
			children = (
				3B88670C1BF82B0D003CF1F9 /* NotificationService.swift */,
			);
			path = Notification;
			sourceTree = "<group>";
		};
		3BA7C1891BF1706100ACC744 /* Frameworks */ = {
			isa = PBXGroup;
			children = (
				3BBFDC831BF8CF9600078F29 /* KeychainAccess.framework */,
				3B96C9B91BF15C5E00899BF5 /* Alamofire.framework */,
				3B96C9BB1BF15C5E00899BF5 /* SwiftyJSON.framework */,
			);
			name = Frameworks;
			sourceTree = "<group>";
		};
		3BA7C18A1BF1710700ACC744 /* Assets */ = {
			isa = PBXGroup;
			children = (
				3BCB5AB21BF1560A00B04516 /* Main.storyboard */,
				3BCB5A6A1BF1554C00B04516 /* Assets.xcassets */,
				3BCB5A6C1BF1554C00B04516 /* LaunchScreen.storyboard */,
			);
			name = Assets;
			sourceTree = "<group>";
		};
		3BA7C18B1BF1711400ACC744 /* Supporting files */ = {
			isa = PBXGroup;
			children = (
				3BA7C18C1BF1712000ACC744 /* .gitignore */,
				3BCB5AB51BF156AC00B04516 /* Cartfile */,
				3BCB5A6F1BF1554C00B04516 /* Info.plist */,
				3BBB71751BF40E72007E3948 /* README.md */,
			);
			name = "Supporting files";
			sourceTree = "<group>";
		};
		3BCB5A571BF1554C00B04516 = {
			isa = PBXGroup;
			children = (
				3BCB5A621BF1554C00B04516 /* Ambrosio */,
				3BCB5A771BF1554D00B04516 /* AmbrosioTests */,
				3BA7C1891BF1706100ACC744 /* Frameworks */,
				3BCB5A611BF1554C00B04516 /* Products */,
			);
			sourceTree = "<group>";
		};
		3BCB5A611BF1554C00B04516 /* Products */ = {
			isa = PBXGroup;
			children = (
				3BCB5A601BF1554C00B04516 /* Ambrosio.app */,
				3BCB5A741BF1554D00B04516 /* AmbrosioTests.xctest */,
			);
			name = Products;
			sourceTree = "<group>";
		};
		3BCB5A621BF1554C00B04516 /* Ambrosio */ = {
			isa = PBXGroup;
			children = (
				3BCB5A831BF1556F00B04516 /* Classes */,
				3BA7C18A1BF1710700ACC744 /* Assets */,
				3BA7C18B1BF1711400ACC744 /* Supporting files */,
			);
			path = Ambrosio;
			sourceTree = "<group>";
		};
		3BCB5A771BF1554D00B04516 /* AmbrosioTests */ = {
			isa = PBXGroup;
			children = (
				3BCB5A781BF1554D00B04516 /* AmbrosioTests.swift */,
				3BCB5A7A1BF1554D00B04516 /* Info.plist */,
			);
			path = AmbrosioTests;
			sourceTree = "<group>";
		};
		3BCB5A831BF1556F00B04516 /* Classes */ = {
			isa = PBXGroup;
			children = (
				3BCB5A841BF1556F00B04516 /* AmbrosioAppDelegate.swift */,
				3BCB5A851BF1556F00B04516 /* AmbrosioAppDependencies.swift */,
				3BCB5A861BF1556F00B04516 /* Common */,
				3BCB5A941BF1556F00B04516 /* Modules */,
			);
			path = Classes;
			sourceTree = "<group>";
		};
		3BCB5A861BF1556F00B04516 /* Common */ = {
			isa = PBXGroup;
			children = (
				3BCB5A871BF1556F00B04516 /* Categories */,
				3BCB5A881BF1556F00B04516 /* Model */,
				3B1D40491BF546E700BA6AEB /* Services */,
				3BCB5A8E1BF1556F00B04516 /* Store */,
				3BCB5A8F1BF1556F00B04516 /* Utils */,
			);
			path = Common;
			sourceTree = "<group>";
		};
		3BCB5A871BF1556F00B04516 /* Categories */ = {
			isa = PBXGroup;
			children = (
			);
			path = Categories;
			sourceTree = "<group>";
		};
		3BCB5A881BF1556F00B04516 /* Model */ = {
			isa = PBXGroup;
			children = (
				3B1D40601BF54CFE00BA6AEB /* UserInfoModel.swift */,
				3B1D40621BF54D3F00BA6AEB /* TaskModel.swift */,
			);
			path = Model;
			sourceTree = "<group>";
		};
		3BCB5A8E1BF1556F00B04516 /* Store */ = {
			isa = PBXGroup;
			children = (
			);
			path = Store;
			sourceTree = "<group>";
		};
		3BCB5A8F1BF1556F00B04516 /* Utils */ = {
			isa = PBXGroup;
			children = (
			);
			path = Utils;
			sourceTree = "<group>";
		};
		3BCB5A941BF1556F00B04516 /* Modules */ = {
			isa = PBXGroup;
			children = (
				3B1D406D1BF54E0A00BA6AEB /* Root */,
				3BCB5A951BF1556F00B04516 /* Login */,
				3B3B3B401BF69129002E1439 /* TaskList */,
				3B3FEE5F1BF7A41900840CE3 /* AddAlarm */,
			);
			path = Modules;
			sourceTree = "<group>";
		};
		3BCB5A951BF1556F00B04516 /* Login */ = {
			isa = PBXGroup;
			children = (
				3BCB5A981BF1556F00B04516 /* Interactor */,
				3BCB5A9A1BF1556F00B04516 /* ModuleInterface */,
				3BCB5A9C1BF1556F00B04516 /* Presenter */,
				3BCB5A9E1BF1556F00B04516 /* View */,
				3BCB5AA11BF1556F00B04516 /* Wireframe */,
			);
			path = Login;
			sourceTree = "<group>";
		};
		3BCB5A981BF1556F00B04516 /* Interactor */ = {
			isa = PBXGroup;
			children = (
				3BCB5A991BF1556F00B04516 /* LoginInteractor.swift */,
				3BC629031BF29B13000320D0 /* LoginInteractorIO.swift */,
			);
			path = Interactor;
			sourceTree = "<group>";
		};
		3BCB5A9A1BF1556F00B04516 /* ModuleInterface */ = {
			isa = PBXGroup;
			children = (
				3BCB5A9B1BF1556F00B04516 /* LoginModuleInterface.swift */,
				3B3B3B571BF69DF2002E1439 /* LoginModuleDelegate.swift */,
			);
			path = ModuleInterface;
			sourceTree = "<group>";
		};
		3BCB5A9C1BF1556F00B04516 /* Presenter */ = {
			isa = PBXGroup;
			children = (
				3BCB5A9D1BF1556F00B04516 /* LoginPresenter.swift */,
			);
			path = Presenter;
			sourceTree = "<group>";
		};
		3BCB5A9E1BF1556F00B04516 /* View */ = {
			isa = PBXGroup;
			children = (
				3BCB5A9F1BF1556F00B04516 /* LoginViewController.swift */,
				3BCB5AA01BF1556F00B04516 /* LoginViewInterface.swift */,
			);
			path = View;
			sourceTree = "<group>";
		};
		3BCB5AA11BF1556F00B04516 /* Wireframe */ = {
			isa = PBXGroup;
			children = (
				3BCB5AA21BF1556F00B04516 /* LoginWireframe.swift */,
			);
			path = Wireframe;
			sourceTree = "<group>";
		};
/* End PBXGroup section */

/* Begin PBXNativeTarget section */
		3BCB5A5F1BF1554C00B04516 /* Ambrosio */ = {
			isa = PBXNativeTarget;
			buildConfigurationList = 3BCB5A7D1BF1554D00B04516 /* Build configuration list for PBXNativeTarget "Ambrosio" */;
			buildPhases = (
				3BCB5A5C1BF1554C00B04516 /* Sources */,
				3BCB5A5D1BF1554C00B04516 /* Frameworks */,
				3BCB5A5E1BF1554C00B04516 /* Resources */,
				3B96C9BF1BF15C7700899BF5 /* Run Script Carthage */,
			);
			buildRules = (
			);
			dependencies = (
			);
			name = Ambrosio;
			productName = Ambrosio;
			productReference = 3BCB5A601BF1554C00B04516 /* Ambrosio.app */;
			productType = "com.apple.product-type.application";
		};
		3BCB5A731BF1554D00B04516 /* AmbrosioTests */ = {
			isa = PBXNativeTarget;
			buildConfigurationList = 3BCB5A801BF1554D00B04516 /* Build configuration list for PBXNativeTarget "AmbrosioTests" */;
			buildPhases = (
				3BCB5A701BF1554D00B04516 /* Sources */,
				3BCB5A711BF1554D00B04516 /* Frameworks */,
				3BCB5A721BF1554D00B04516 /* Resources */,
			);
			buildRules = (
			);
			dependencies = (
				3BCB5A761BF1554D00B04516 /* PBXTargetDependency */,
			);
			name = AmbrosioTests;
			productName = AmbrosioTests;
			productReference = 3BCB5A741BF1554D00B04516 /* AmbrosioTests.xctest */;
			productType = "com.apple.product-type.bundle.unit-test";
		};
/* End PBXNativeTarget section */

/* Begin PBXProject section */
		3BCB5A581BF1554C00B04516 /* Project object */ = {
			isa = PBXProject;
			attributes = {
				LastSwiftUpdateCheck = 0710;
				LastUpgradeCheck = 0710;
				ORGANIZATIONNAME = JCH;
				TargetAttributes = {
					3BCB5A5F1BF1554C00B04516 = {
						CreatedOnToolsVersion = 7.1;
						SystemCapabilities = {
							com.apple.BackgroundModes = {
								enabled = 1;
							};
						};
					};
					3BCB5A731BF1554D00B04516 = {
						CreatedOnToolsVersion = 7.1;
						TestTargetID = 3BCB5A5F1BF1554C00B04516;
					};
				};
			};
			buildConfigurationList = 3BCB5A5B1BF1554C00B04516 /* Build configuration list for PBXProject "Ambrosio" */;
			compatibilityVersion = "Xcode 3.2";
			developmentRegion = English;
			hasScannedForEncodings = 0;
			knownRegions = (
				en,
				Base,
			);
			mainGroup = 3BCB5A571BF1554C00B04516;
			productRefGroup = 3BCB5A611BF1554C00B04516 /* Products */;
			projectDirPath = "";
			projectRoot = "";
			targets = (
				3BCB5A5F1BF1554C00B04516 /* Ambrosio */,
				3BCB5A731BF1554D00B04516 /* AmbrosioTests */,
			);
		};
/* End PBXProject section */

/* Begin PBXResourcesBuildPhase section */
		3BCB5A5E1BF1554C00B04516 /* Resources */ = {
			isa = PBXResourcesBuildPhase;
			buildActionMask = 2147483647;
			files = (
				3BCB5AB41BF1560A00B04516 /* Main.storyboard in Resources */,
				3BCB5A6E1BF1554C00B04516 /* LaunchScreen.storyboard in Resources */,
				3BCB5A6B1BF1554C00B04516 /* Assets.xcassets in Resources */,
			);
			runOnlyForDeploymentPostprocessing = 0;
		};
		3BCB5A721BF1554D00B04516 /* Resources */ = {
			isa = PBXResourcesBuildPhase;
			buildActionMask = 2147483647;
			files = (
			);
			runOnlyForDeploymentPostprocessing = 0;
		};
/* End PBXResourcesBuildPhase section */

/* Begin PBXShellScriptBuildPhase section */
		3B96C9BF1BF15C7700899BF5 /* Run Script Carthage */ = {
			isa = PBXShellScriptBuildPhase;
			buildActionMask = 2147483647;
			files = (
			);
			inputPaths = (
				"$(SRCROOT)/Carthage/Build/iOS/KeychainAccess.framework",
				"$(SRCROOT)/Carthage/Build/iOS/Alamofire.framework",
				"$(SRCROOT)/Carthage/Build/iOS/SwiftyJSON.framework",
			);
			name = "Run Script Carthage";
			outputPaths = (
			);
			runOnlyForDeploymentPostprocessing = 0;
			shellPath = /bin/sh;
			shellScript = "/usr/local/bin/carthage copy-frameworks";
		};
/* End PBXShellScriptBuildPhase section */

/* Begin PBXSourcesBuildPhase section */
		3BCB5A5C1BF1554C00B04516 /* Sources */ = {
			isa = PBXSourcesBuildPhase;
			buildActionMask = 2147483647;
			files = (
				3B1D40511BF546E700BA6AEB /* APIServiceProtocol.swift in Sources */,
				3B1D405B1BF549F000BA6AEB /* AuthStoreProtocol.swift in Sources */,
				3B3B3B4F1BF69129002E1439 /* TaskListDataManager.swift in Sources */,
				3B3B3B501BF69129002E1439 /* TaskListInteractor.swift in Sources */,
				3B3FEE711BF7A41900840CE3 /* AddAlarmModuleInterface.swift in Sources */,
				3B1D40611BF54CFE00BA6AEB /* UserInfoModel.swift in Sources */,
				3B8867081BF82AD9003CF1F9 /* LocationService.swift in Sources */,
				3BCB5AAE1BF1556F00B04516 /* LoginPresenter.swift in Sources */,
				3B1D40571BF547AE00BA6AEB /* AuthService.swift in Sources */,
				3BCB5AAF1BF1556F00B04516 /* LoginViewController.swift in Sources */,
				3B1D40741BF54E0A00BA6AEB /* RootPresenter.swift in Sources */,
				3B1D40631BF54D3F00BA6AEB /* TaskModel.swift in Sources */,
				3B3FEE731BF7A41900840CE3 /* AddAlarmViewController.swift in Sources */,
				3BCB5AA31BF1556F00B04516 /* AmbrosioAppDelegate.swift in Sources */,
				3B3B3B561BF69129002E1439 /* TaskListWireframe.swift in Sources */,
				3B3B3B531BF69129002E1439 /* TaskListPresenter.swift in Sources */,
				3B1D40771BF5582E00BA6AEB /* AuthDataManager.Config.swift in Sources */,
				3B0B44931BF7AE3A004B4F39 /* AddAlarmModuleDelegate.swift in Sources */,
				3BCB5AAD1BF1556F00B04516 /* LoginModuleInterface.swift in Sources */,
				3B1D407D1BF5655100BA6AEB /* AuthDataManagerProtocol.swift in Sources */,
				3B1D40531BF546E700BA6AEB /* APIDataManager.swift in Sources */,
				3B3B3B521BF69129002E1439 /* TaskListModuleInterface.swift in Sources */,
				3B3B3B551BF69129002E1439 /* TaskListViewInterface.swift in Sources */,
				3BCB5AA41BF1556F00B04516 /* AmbrosioAppDependencies.swift in Sources */,
				3B3FEE701BF7A41900840CE3 /* AddAlarmInteractorProtocol.swift in Sources */,
				3B3B3B541BF69129002E1439 /* TaskListViewController.swift in Sources */,
				3B1D40731BF54E0A00BA6AEB /* RootModuleInterface.swift in Sources */,
				3BCB5AB11BF1556F00B04516 /* LoginWireframe.swift in Sources */,
				3B1D40551BF546E700BA6AEB /* AuthStore.swift in Sources */,
				3B1D40751BF54E0A00BA6AEB /* RootWireframe.swift in Sources */,
				3BCB5AB01BF1556F00B04516 /* LoginViewInterface.swift in Sources */,
				3B8867041BF80CDA003CF1F9 /* APITaskDescriptionWrapper.swift in Sources */,
				3B3B3B581BF69DF2002E1439 /* LoginModuleDelegate.swift in Sources */,
				3B1D405F1BF54BC200BA6AEB /* APIDataManagerProtocol.swift in Sources */,
				3B3FEE721BF7A41900840CE3 /* AddAlarmPresenter.swift in Sources */,
				3B3B3B511BF69129002E1439 /* TaskListInteractorProtocol.swift in Sources */,
				3B1D40541BF546E700BA6AEB /* AuthServiceProtocol.swift in Sources */,
				3B1D407B1BF5652D00BA6AEB /* AuthDataManager.swift in Sources */,
				3B3FEE6F1BF7A41900840CE3 /* AddAlarmInteractor.swift in Sources */,
				3B1D405D1BF54B8100BA6AEB /* APIService.swift in Sources */,
				3BCB5AAC1BF1556F00B04516 /* LoginInteractor.swift in Sources */,
				3B88670D1BF82B0D003CF1F9 /* NotificationService.swift in Sources */,
				3B3FEE741BF7A41900840CE3 /* AddAlarmViewInterface.swift in Sources */,
				3B3FEE751BF7A41900840CE3 /* AddAlarmWireframe.swift in Sources */,
				3BC629041BF29B13000320D0 /* LoginInteractorIO.swift in Sources */,
			);
			runOnlyForDeploymentPostprocessing = 0;
		};
		3BCB5A701BF1554D00B04516 /* Sources */ = {
			isa = PBXSourcesBuildPhase;
			buildActionMask = 2147483647;
			files = (
				3BCB5A791BF1554D00B04516 /* AmbrosioTests.swift in Sources */,
			);
			runOnlyForDeploymentPostprocessing = 0;
		};
/* End PBXSourcesBuildPhase section */

/* Begin PBXTargetDependency section */
		3BCB5A761BF1554D00B04516 /* PBXTargetDependency */ = {
			isa = PBXTargetDependency;
			target = 3BCB5A5F1BF1554C00B04516 /* Ambrosio */;
			targetProxy = 3BCB5A751BF1554D00B04516 /* PBXContainerItemProxy */;
		};
/* End PBXTargetDependency section */

/* Begin PBXVariantGroup section */
		3BCB5A6C1BF1554C00B04516 /* LaunchScreen.storyboard */ = {
			isa = PBXVariantGroup;
			children = (
				3BCB5A6D1BF1554C00B04516 /* Base */,
			);
			name = LaunchScreen.storyboard;
			sourceTree = "<group>";
		};
		3BCB5AB21BF1560A00B04516 /* Main.storyboard */ = {
			isa = PBXVariantGroup;
			children = (
				3BCB5AB31BF1560A00B04516 /* Base */,
			);
			name = Main.storyboard;
			sourceTree = "<group>";
		};
/* End PBXVariantGroup section */

/* Begin XCBuildConfiguration section */
		3BCB5A7B1BF1554D00B04516 /* Debug */ = {
			isa = XCBuildConfiguration;
			buildSettings = {
				ALWAYS_SEARCH_USER_PATHS = NO;
				CLANG_CXX_LANGUAGE_STANDARD = "gnu++0x";
				CLANG_CXX_LIBRARY = "libc++";
				CLANG_ENABLE_MODULES = YES;
				CLANG_ENABLE_OBJC_ARC = YES;
				CLANG_WARN_BOOL_CONVERSION = YES;
				CLANG_WARN_CONSTANT_CONVERSION = YES;
				CLANG_WARN_DIRECT_OBJC_ISA_USAGE = YES_ERROR;
				CLANG_WARN_EMPTY_BODY = YES;
				CLANG_WARN_ENUM_CONVERSION = YES;
				CLANG_WARN_INT_CONVERSION = YES;
				CLANG_WARN_OBJC_ROOT_CLASS = YES_ERROR;
				CLANG_WARN_UNREACHABLE_CODE = YES;
				CLANG_WARN__DUPLICATE_METHOD_MATCH = YES;
				"CODE_SIGN_IDENTITY[sdk=iphoneos*]" = "iPhone Developer";
				COPY_PHASE_STRIP = NO;
				DEBUG_INFORMATION_FORMAT = dwarf;
				ENABLE_STRICT_OBJC_MSGSEND = YES;
				ENABLE_TESTABILITY = YES;
				GCC_C_LANGUAGE_STANDARD = gnu99;
				GCC_DYNAMIC_NO_PIC = NO;
				GCC_NO_COMMON_BLOCKS = YES;
				GCC_OPTIMIZATION_LEVEL = 0;
				GCC_PREPROCESSOR_DEFINITIONS = (
					"DEBUG=1",
					"$(inherited)",
				);
				GCC_WARN_64_TO_32_BIT_CONVERSION = YES;
				GCC_WARN_ABOUT_RETURN_TYPE = YES_ERROR;
				GCC_WARN_UNDECLARED_SELECTOR = YES;
				GCC_WARN_UNINITIALIZED_AUTOS = YES_AGGRESSIVE;
				GCC_WARN_UNUSED_FUNCTION = YES;
				GCC_WARN_UNUSED_VARIABLE = YES;
				IPHONEOS_DEPLOYMENT_TARGET = 9.1;
				MTL_ENABLE_DEBUG_INFO = YES;
				ONLY_ACTIVE_ARCH = YES;
				SDKROOT = iphoneos;
				SWIFT_OPTIMIZATION_LEVEL = "-Onone";
			};
			name = Debug;
		};
		3BCB5A7C1BF1554D00B04516 /* Release */ = {
			isa = XCBuildConfiguration;
			buildSettings = {
				ALWAYS_SEARCH_USER_PATHS = NO;
				CLANG_CXX_LANGUAGE_STANDARD = "gnu++0x";
				CLANG_CXX_LIBRARY = "libc++";
				CLANG_ENABLE_MODULES = YES;
				CLANG_ENABLE_OBJC_ARC = YES;
				CLANG_WARN_BOOL_CONVERSION = YES;
				CLANG_WARN_CONSTANT_CONVERSION = YES;
				CLANG_WARN_DIRECT_OBJC_ISA_USAGE = YES_ERROR;
				CLANG_WARN_EMPTY_BODY = YES;
				CLANG_WARN_ENUM_CONVERSION = YES;
				CLANG_WARN_INT_CONVERSION = YES;
				CLANG_WARN_OBJC_ROOT_CLASS = YES_ERROR;
				CLANG_WARN_UNREACHABLE_CODE = YES;
				CLANG_WARN__DUPLICATE_METHOD_MATCH = YES;
				"CODE_SIGN_IDENTITY[sdk=iphoneos*]" = "iPhone Developer";
				COPY_PHASE_STRIP = NO;
				DEBUG_INFORMATION_FORMAT = "dwarf-with-dsym";
				ENABLE_NS_ASSERTIONS = NO;
				ENABLE_STRICT_OBJC_MSGSEND = YES;
				GCC_C_LANGUAGE_STANDARD = gnu99;
				GCC_NO_COMMON_BLOCKS = YES;
				GCC_WARN_64_TO_32_BIT_CONVERSION = YES;
				GCC_WARN_ABOUT_RETURN_TYPE = YES_ERROR;
				GCC_WARN_UNDECLARED_SELECTOR = YES;
				GCC_WARN_UNINITIALIZED_AUTOS = YES_AGGRESSIVE;
				GCC_WARN_UNUSED_FUNCTION = YES;
				GCC_WARN_UNUSED_VARIABLE = YES;
				IPHONEOS_DEPLOYMENT_TARGET = 9.1;
				MTL_ENABLE_DEBUG_INFO = NO;
				SDKROOT = iphoneos;
				VALIDATE_PRODUCT = YES;
			};
			name = Release;
		};
		3BCB5A7E1BF1554D00B04516 /* Debug */ = {
			isa = XCBuildConfiguration;
			buildSettings = {
				ASSETCATALOG_COMPILER_APPICON_NAME = AppIcon;
				FRAMEWORK_SEARCH_PATHS = (
					"$(inherited)",
					"$(PROJECT_DIR)/Carthage/Build/iOS",
				);
				INFOPLIST_FILE = Ambrosio/Info.plist;
				LD_RUNPATH_SEARCH_PATHS = "$(inherited) @executable_path/Frameworks";
				PRODUCT_BUNDLE_IDENTIFIER = com.jch.Ambrosio;
				PRODUCT_NAME = "$(TARGET_NAME)";
				TARGETED_DEVICE_FAMILY = "1,2";
			};
			name = Debug;
		};
		3BCB5A7F1BF1554D00B04516 /* Release */ = {
			isa = XCBuildConfiguration;
			buildSettings = {
				ASSETCATALOG_COMPILER_APPICON_NAME = AppIcon;
				FRAMEWORK_SEARCH_PATHS = (
					"$(inherited)",
					"$(PROJECT_DIR)/Carthage/Build/iOS",
				);
				INFOPLIST_FILE = Ambrosio/Info.plist;
				LD_RUNPATH_SEARCH_PATHS = "$(inherited) @executable_path/Frameworks";
				PRODUCT_BUNDLE_IDENTIFIER = com.jch.Ambrosio;
				PRODUCT_NAME = "$(TARGET_NAME)";
				TARGETED_DEVICE_FAMILY = "1,2";
			};
			name = Release;
		};
		3BCB5A811BF1554D00B04516 /* Debug */ = {
			isa = XCBuildConfiguration;
			buildSettings = {
				BUNDLE_LOADER = "$(TEST_HOST)";
				INFOPLIST_FILE = AmbrosioTests/Info.plist;
				LD_RUNPATH_SEARCH_PATHS = "$(inherited) @executable_path/Frameworks @loader_path/Frameworks";
				PRODUCT_BUNDLE_IDENTIFIER = com.jch.AmbrosioTests;
				PRODUCT_NAME = "$(TARGET_NAME)";
				TEST_HOST = "$(BUILT_PRODUCTS_DIR)/Ambrosio.app/Ambrosio";
			};
			name = Debug;
		};
		3BCB5A821BF1554D00B04516 /* Release */ = {
			isa = XCBuildConfiguration;
			buildSettings = {
				BUNDLE_LOADER = "$(TEST_HOST)";
				INFOPLIST_FILE = AmbrosioTests/Info.plist;
				LD_RUNPATH_SEARCH_PATHS = "$(inherited) @executable_path/Frameworks @loader_path/Frameworks";
				PRODUCT_BUNDLE_IDENTIFIER = com.jch.AmbrosioTests;
				PRODUCT_NAME = "$(TARGET_NAME)";
				TEST_HOST = "$(BUILT_PRODUCTS_DIR)/Ambrosio.app/Ambrosio";
			};
			name = Release;
		};
/* End XCBuildConfiguration section */

/* Begin XCConfigurationList section */
		3BCB5A5B1BF1554C00B04516 /* Build configuration list for PBXProject "Ambrosio" */ = {
			isa = XCConfigurationList;
			buildConfigurations = (
				3BCB5A7B1BF1554D00B04516 /* Debug */,
				3BCB5A7C1BF1554D00B04516 /* Release */,
			);
			defaultConfigurationIsVisible = 0;
			defaultConfigurationName = Release;
		};
		3BCB5A7D1BF1554D00B04516 /* Build configuration list for PBXNativeTarget "Ambrosio" */ = {
			isa = XCConfigurationList;
			buildConfigurations = (
				3BCB5A7E1BF1554D00B04516 /* Debug */,
				3BCB5A7F1BF1554D00B04516 /* Release */,
			);
			defaultConfigurationIsVisible = 0;
			defaultConfigurationName = Release;
		};
		3BCB5A801BF1554D00B04516 /* Build configuration list for PBXNativeTarget "AmbrosioTests" */ = {
			isa = XCConfigurationList;
			buildConfigurations = (
				3BCB5A811BF1554D00B04516 /* Debug */,
				3BCB5A821BF1554D00B04516 /* Release */,
			);
			defaultConfigurationIsVisible = 0;
			defaultConfigurationName = Release;
		};
/* End XCConfigurationList section */
	};
	rootObject = 3BCB5A581BF1554C00B04516 /* Project object */;
}
